FORGE
  remote: http://forge.puppetlabs.com
  specs:
    puppetlabs/apache (1.1.0)
      puppetlabs/concat (>= 1.0.0)
      puppetlabs/stdlib (>= 2.4.0)
    puppetlabs/concat (1.1.0)
      puppetlabs/stdlib (>= 4.0.0)
    puppetlabs/stdlib (4.3.2)

DEPENDENCIES
  puppetlabs/apache (>= 1.1.0)
  puppetlabs/stdlib (>= 3.2.0)

